// !$*UTF8*$!
{
	archiveVersion = 1;
	classes = {
	};
	objectVersion = 56;
	objects = {

/* Begin PBXBuildFile section */
		A0021F932C5CD678003F5720 /* BooksContent.swift in Sources */ = {isa = PBXBuildFile; fileRef = A0021F922C5CD678003F5720 /* BooksContent.swift */; };
		A00A0AC02C4BD9620020D708 /* ReadingNoteApp.swift in Sources */ = {isa = PBXBuildFile; fileRef = A00A0ABF2C4BD9620020D708 /* ReadingNoteApp.swift */; };
		A00A0AC22C4BD9620020D708 /* ContentView.swift in Sources */ = {isa = PBXBuildFile; fileRef = A00A0AC12C4BD9620020D708 /* ContentView.swift */; };
		A00A0AC42C4BD9640020D708 /* Assets.xcassets in Resources */ = {isa = PBXBuildFile; fileRef = A00A0AC32C4BD9640020D708 /* Assets.xcassets */; };
		A00A0AC72C4BD9640020D708 /* Preview Assets.xcassets in Resources */ = {isa = PBXBuildFile; fileRef = A00A0AC62C4BD9640020D708 /* Preview Assets.xcassets */; };
		A00A0AD02C4BDB1C0020D708 /* ReadingTimeDb.xcdatamodeld in Sources */ = {isa = PBXBuildFile; fileRef = A00A0ACE2C4BDB1C0020D708 /* ReadingTimeDb.xcdatamodeld */; };
		A00A0AD32C4BDD810020D708 /* DataController.swift in Sources */ = {isa = PBXBuildFile; fileRef = A00A0AD22C4BDD810020D708 /* DataController.swift */; };
		A00A0AD52C4CD7C90020D708 /* AddBooksView.swift in Sources */ = {isa = PBXBuildFile; fileRef = A00A0AD42C4CD7C90020D708 /* AddBooksView.swift */; };
		A00A0AD92C4E26460020D708 /* EditBooksView.swift in Sources */ = {isa = PBXBuildFile; fileRef = A00A0AD82C4E26460020D708 /* EditBooksView.swift */; };
		A07BCA382C619DBA00AFCF02 /* TrendGraphView.swift in Sources */ = {isa = PBXBuildFile; fileRef = A07BCA372C619DBA00AFCF02 /* TrendGraphView.swift */; };
		A07BCA3B2C61BAE100AFCF02 /* StopWatchView.swift in Sources */ = {isa = PBXBuildFile; fileRef = A07BCA3A2C61BAE100AFCF02 /* StopWatchView.swift */; };
		A092D5282C606C4B0030D9E7 /* HistogramView.swift in Sources */ = {isa = PBXBuildFile; fileRef = A092D5272C606C4B0030D9E7 /* HistogramView.swift */; };
		A092D52A2C60DAA30030D9E7 /* ChartsSummaryView.swift in Sources */ = {isa = PBXBuildFile; fileRef = A092D5292C60DAA30030D9E7 /* ChartsSummaryView.swift */; };
		A0EB1E0A2C6C3B8700CDED6A /* SideMenuView.swift in Sources */ = {isa = PBXBuildFile; fileRef = A0EB1E092C6C3B8700CDED6A /* SideMenuView.swift */; };
/* End PBXBuildFile section */

/* Begin PBXFileReference section */
		A0021F922C5CD678003F5720 /* BooksContent.swift */ = {isa = PBXFileReference; lastKnownFileType = sourcecode.swift; path = BooksContent.swift; sourceTree = "<group>"; };
		A00A0ABC2C4BD9620020D708 /* ReadingNote.app */ = {isa = PBXFileReference; explicitFileType = wrapper.application; includeInIndex = 0; path = ReadingNote.app; sourceTree = BUILT_PRODUCTS_DIR; };
		A00A0ABF2C4BD9620020D708 /* ReadingNoteApp.swift */ = {isa = PBXFileReference; lastKnownFileType = sourcecode.swift; path = ReadingNoteApp.swift; sourceTree = "<group>"; };
		A00A0AC12C4BD9620020D708 /* ContentView.swift */ = {isa = PBXFileReference; lastKnownFileType = sourcecode.swift; path = ContentView.swift; sourceTree = "<group>"; };
		A00A0AC32C4BD9640020D708 /* Assets.xcassets */ = {isa = PBXFileReference; lastKnownFileType = folder.assetcatalog; path = Assets.xcassets; sourceTree = "<group>"; };
		A00A0AC62C4BD9640020D708 /* Preview Assets.xcassets */ = {isa = PBXFileReference; lastKnownFileType = folder.assetcatalog; path = "Preview Assets.xcassets"; sourceTree = "<group>"; };
		A00A0ACF2C4BDB1C0020D708 /* ReadingTimeDb.xcdatamodel */ = {isa = PBXFileReference; lastKnownFileType = wrapper.xcdatamodel; path = ReadingTimeDb.xcdatamodel; sourceTree = "<group>"; };
		A00A0AD22C4BDD810020D708 /* DataController.swift */ = {isa = PBXFileReference; lastKnownFileType = sourcecode.swift; path = DataController.swift; sourceTree = "<group>"; };
		A00A0AD42C4CD7C90020D708 /* AddBooksView.swift */ = {isa = PBXFileReference; lastKnownFileType = sourcecode.swift; path = AddBooksView.swift; sourceTree = "<group>"; };
		A00A0AD82C4E26460020D708 /* EditBooksView.swift */ = {isa = PBXFileReference; lastKnownFileType = sourcecode.swift; path = EditBooksView.swift; sourceTree = "<group>"; };
		A07BCA372C619DBA00AFCF02 /* TrendGraphView.swift */ = {isa = PBXFileReference; lastKnownFileType = sourcecode.swift; path = TrendGraphView.swift; sourceTree = "<group>"; };
		A07BCA3A2C61BAE100AFCF02 /* StopWatchView.swift */ = {isa = PBXFileReference; lastKnownFileType = sourcecode.swift; path = StopWatchView.swift; sourceTree = "<group>"; };
		A092D5272C606C4B0030D9E7 /* HistogramView.swift */ = {isa = PBXFileReference; lastKnownFileType = sourcecode.swift; path = HistogramView.swift; sourceTree = "<group>"; };
		A092D5292C60DAA30030D9E7 /* ChartsSummaryView.swift */ = {isa = PBXFileReference; lastKnownFileType = sourcecode.swift; path = ChartsSummaryView.swift; sourceTree = "<group>"; };
		A0EB1E092C6C3B8700CDED6A /* SideMenuView.swift */ = {isa = PBXFileReference; lastKnownFileType = sourcecode.swift; path = SideMenuView.swift; sourceTree = "<group>"; };
/* End PBXFileReference section */

/* Begin PBXFrameworksBuildPhase section */
		A00A0AB92C4BD9620020D708 /* Frameworks */ = {
			isa = PBXFrameworksBuildPhase;
			buildActionMask = 2147483647;
			files = (
			);
			runOnlyForDeploymentPostprocessing = 0;
		};
/* End PBXFrameworksBuildPhase section */

/* Begin PBXGroup section */
		A00A0AB32C4BD9620020D708 = {
			isa = PBXGroup;
			children = (
				A00A0ABE2C4BD9620020D708 /* ReadingNote */,
				A00A0ABD2C4BD9620020D708 /* Products */,
			);
			sourceTree = "<group>";
		};
		A00A0ABD2C4BD9620020D708 /* Products */ = {
			isa = PBXGroup;
			children = (
				A00A0ABC2C4BD9620020D708 /* ReadingNote.app */,
			);
			name = Products;
			sourceTree = "<group>";
		};
		A00A0ABE2C4BD9620020D708 /* ReadingNote */ = {
			isa = PBXGroup;
			children = (
				A00A0ABF2C4BD9620020D708 /* ReadingNoteApp.swift */,
				A00A0AD12C4BDBC50020D708 /* DataGroup */,
				A07BCA392C61BA1600AFCF02 /* MainView */,
				A00A0ACD2C4BD97D0020D708 /* View */,
				A00A0AC32C4BD9640020D708 /* Assets.xcassets */,
				A00A0AC52C4BD9640020D708 /* Preview Content */,
			);
			path = ReadingNote;
			sourceTree = "<group>";
		};
		A00A0AC52C4BD9640020D708 /* Preview Content */ = {
			isa = PBXGroup;
			children = (
				A00A0AC62C4BD9640020D708 /* Preview Assets.xcassets */,
			);
			path = "Preview Content";
			sourceTree = "<group>";
		};
		A00A0ACD2C4BD97D0020D708 /* View */ = {
			isa = PBXGroup;
			children = (
				A00A0AD42C4CD7C90020D708 /* AddBooksView.swift */,
				A0021F922C5CD678003F5720 /* BooksContent.swift */,
				A092D5272C606C4B0030D9E7 /* HistogramView.swift */,
				A07BCA372C619DBA00AFCF02 /* TrendGraphView.swift */,
				A07BCA3A2C61BAE100AFCF02 /* StopWatchView.swift */,
				A0EB1E092C6C3B8700CDED6A /* SideMenuView.swift */,
			);
			path = View;
			sourceTree = "<group>";
		};
		A00A0AD12C4BDBC50020D708 /* DataGroup */ = {
			isa = PBXGroup;
			children = (
				A00A0ACE2C4BDB1C0020D708 /* ReadingTimeDb.xcdatamodeld */,
				A00A0AD22C4BDD810020D708 /* DataController.swift */,
			);
			path = DataGroup;
			sourceTree = "<group>";
		};
		A07BCA392C61BA1600AFCF02 /* MainView */ = {
			isa = PBXGroup;
			children = (
				A00A0AC12C4BD9620020D708 /* ContentView.swift */,
				A092D5292C60DAA30030D9E7 /* ChartsSummaryView.swift */,
				A00A0AD82C4E26460020D708 /* EditBooksView.swift */,
			);
			path = MainView;
			sourceTree = "<group>";
		};
/* End PBXGroup section */

/* Begin PBXNativeTarget section */
		A00A0ABB2C4BD9620020D708 /* ReadingNote */ = {
			isa = PBXNativeTarget;
			buildConfigurationList = A00A0ACA2C4BD9640020D708 /* Build configuration list for PBXNativeTarget "ReadingNote" */;
			buildPhases = (
				A00A0AB82C4BD9620020D708 /* Sources */,
				A00A0AB92C4BD9620020D708 /* Frameworks */,
				A00A0ABA2C4BD9620020D708 /* Resources */,
			);
			buildRules = (
			);
			dependencies = (
			);
			name = ReadingNote;
			productName = ReadingNote;
			productReference = A00A0ABC2C4BD9620020D708 /* ReadingNote.app */;
			productType = "com.apple.product-type.application";
		};
/* End PBXNativeTarget section */

/* Begin PBXProject section */
		A00A0AB42C4BD9620020D708 /* Project object */ = {
			isa = PBXProject;
			attributes = {
				BuildIndependentTargetsInParallel = 1;
				LastSwiftUpdateCheck = 1540;
				LastUpgradeCheck = 1540;
				TargetAttributes = {
					A00A0ABB2C4BD9620020D708 = {
						CreatedOnToolsVersion = 15.4;
					};
				};
			};
			buildConfigurationList = A00A0AB72C4BD9620020D708 /* Build configuration list for PBXProject "ReadingNote" */;
			compatibilityVersion = "Xcode 14.0";
			developmentRegion = en;
			hasScannedForEncodings = 0;
			knownRegions = (
				en,
				Base,
			);
			mainGroup = A00A0AB32C4BD9620020D708;
			productRefGroup = A00A0ABD2C4BD9620020D708 /* Products */;
			projectDirPath = "";
			projectRoot = "";
			targets = (
				A00A0ABB2C4BD9620020D708 /* ReadingNote */,
			);
		};
/* End PBXProject section */

/* Begin PBXResourcesBuildPhase section */
		A00A0ABA2C4BD9620020D708 /* Resources */ = {
			isa = PBXResourcesBuildPhase;
			buildActionMask = 2147483647;
			files = (
				A00A0AC72C4BD9640020D708 /* Preview Assets.xcassets in Resources */,
				A00A0AC42C4BD9640020D708 /* Assets.xcassets in Resources */,
			);
			runOnlyForDeploymentPostprocessing = 0;
		};
/* End PBXResourcesBuildPhase section */

/* Begin PBXSourcesBuildPhase section */
		A00A0AB82C4BD9620020D708 /* Sources */ = {
			isa = PBXSourcesBuildPhase;
			buildActionMask = 2147483647;
			files = (
				A00A0AC22C4BD9620020D708 /* ContentView.swift in Sources */,
				A07BCA3B2C61BAE100AFCF02 /* StopWatchView.swift in Sources */,
				A0021F932C5CD678003F5720 /* BooksContent.swift in Sources */,
				A00A0AD52C4CD7C90020D708 /* AddBooksView.swift in Sources */,
				A092D5282C606C4B0030D9E7 /* HistogramView.swift in Sources */,
				A00A0AD32C4BDD810020D708 /* DataController.swift in Sources */,
				A0EB1E0A2C6C3B8700CDED6A /* SideMenuView.swift in Sources */,
				A00A0AC02C4BD9620020D708 /* ReadingNoteApp.swift in Sources */,
				A00A0AD02C4BDB1C0020D708 /* ReadingTimeDb.xcdatamodeld in Sources */,
				A07BCA382C619DBA00AFCF02 /* TrendGraphView.swift in Sources */,
				A00A0AD92C4E26460020D708 /* EditBooksView.swift in Sources */,
				A092D52A2C60DAA30030D9E7 /* ChartsSummaryView.swift in Sources */,
			);
			runOnlyForDeploymentPostprocessing = 0;
		};
/* End PBXSourcesBuildPhase section */

/* Begin XCBuildConfiguration section */
		A00A0AC82C4BD9640020D708 /* Debug */ = {
			isa = XCBuildConfiguration;
			buildSettings = {
				ALWAYS_SEARCH_USER_PATHS = NO;
				ASSETCATALOG_COMPILER_GENERATE_SWIFT_ASSET_SYMBOL_EXTENSIONS = YES;
				CLANG_ANALYZER_NONNULL = YES;
				CLANG_ANALYZER_NUMBER_OBJECT_CONVERSION = YES_AGGRESSIVE;
				CLANG_CXX_LANGUAGE_STANDARD = "gnu++20";
				CLANG_ENABLE_MODULES = YES;
				CLANG_ENABLE_OBJC_ARC = YES;
				CLANG_ENABLE_OBJC_WEAK = YES;
				CLANG_WARN_BLOCK_CAPTURE_AUTORELEASING = YES;
				CLANG_WARN_BOOL_CONVERSION = YES;
				CLANG_WARN_COMMA = YES;
				CLANG_WARN_CONSTANT_CONVERSION = YES;
				CLANG_WARN_DEPRECATED_OBJC_IMPLEMENTATIONS = YES;
				CLANG_WARN_DIRECT_OBJC_ISA_USAGE = YES_ERROR;
				CLANG_WARN_DOCUMENTATION_COMMENTS = YES;
				CLANG_WARN_EMPTY_BODY = YES;
				CLANG_WARN_ENUM_CONVERSION = YES;
				CLANG_WARN_INFINITE_RECURSION = YES;
				CLANG_WARN_INT_CONVERSION = YES;
				CLANG_WARN_NON_LITERAL_NULL_CONVERSION = YES;
				CLANG_WARN_OBJC_IMPLICIT_RETAIN_SELF = YES;
				CLANG_WARN_OBJC_LITERAL_CONVERSION = YES;
				CLANG_WARN_OBJC_ROOT_CLASS = YES_ERROR;
				CLANG_WARN_QUOTED_INCLUDE_IN_FRAMEWORK_HEADER = YES;
				CLANG_WARN_RANGE_LOOP_ANALYSIS = YES;
				CLANG_WARN_STRICT_PROTOTYPES = YES;
				CLANG_WARN_SUSPICIOUS_MOVE = YES;
				CLANG_WARN_UNGUARDED_AVAILABILITY = YES_AGGRESSIVE;
				CLANG_WARN_UNREACHABLE_CODE = YES;
				CLANG_WARN__DUPLICATE_METHOD_MATCH = YES;
				COPY_PHASE_STRIP = NO;
				DEBUG_INFORMATION_FORMAT = dwarf;
				ENABLE_STRICT_OBJC_MSGSEND = YES;
				ENABLE_TESTABILITY = YES;
				ENABLE_USER_SCRIPT_SANDBOXING = YES;
				GCC_C_LANGUAGE_STANDARD = gnu17;
				GCC_DYNAMIC_NO_PIC = NO;
				GCC_NO_COMMON_BLOCKS = YES;
				GCC_OPTIMIZATION_LEVEL = 0;
				GCC_PREPROCESSOR_DEFINITIONS = (
					"DEBUG=1",
					"$(inherited)",
				);
				GCC_WARN_64_TO_32_BIT_CONVERSION = YES;
				GCC_WARN_ABOUT_RETURN_TYPE = YES_ERROR;
				GCC_WARN_UNDECLARED_SELECTOR = YES;
				GCC_WARN_UNINITIALIZED_AUTOS = YES_AGGRESSIVE;
				GCC_WARN_UNUSED_FUNCTION = YES;
				GCC_WARN_UNUSED_VARIABLE = YES;
				IPHONEOS_DEPLOYMENT_TARGET = 17.5;
				LOCALIZATION_PREFERS_STRING_CATALOGS = YES;
				MTL_ENABLE_DEBUG_INFO = INCLUDE_SOURCE;
				MTL_FAST_MATH = YES;
				ONLY_ACTIVE_ARCH = YES;
				SDKROOT = iphoneos;
				SWIFT_ACTIVE_COMPILATION_CONDITIONS = "DEBUG $(inherited)";
				SWIFT_OPTIMIZATION_LEVEL = "-Onone";
			};
			name = Debug;
		};
		A00A0AC92C4BD9640020D708 /* Release */ = {
			isa = XCBuildConfiguration;
			buildSettings = {
				ALWAYS_SEARCH_USER_PATHS = NO;
				ASSETCATALOG_COMPILER_GENERATE_SWIFT_ASSET_SYMBOL_EXTENSIONS = YES;
				CLANG_ANALYZER_NONNULL = YES;
				CLANG_ANALYZER_NUMBER_OBJECT_CONVERSION = YES_AGGRESSIVE;
				CLANG_CXX_LANGUAGE_STANDARD = "gnu++20";
				CLANG_ENABLE_MODULES = YES;
				CLANG_ENABLE_OBJC_ARC = YES;
				CLANG_ENABLE_OBJC_WEAK = YES;
				CLANG_WARN_BLOCK_CAPTURE_AUTORELEASING = YES;
				CLANG_WARN_BOOL_CONVERSION = YES;
				CLANG_WARN_COMMA = YES;
				CLANG_WARN_CONSTANT_CONVERSION = YES;
				CLANG_WARN_DEPRECATED_OBJC_IMPLEMENTATIONS = YES;
				CLANG_WARN_DIRECT_OBJC_ISA_USAGE = YES_ERROR;
				CLANG_WARN_DOCUMENTATION_COMMENTS = YES;
				CLANG_WARN_EMPTY_BODY = YES;
				CLANG_WARN_ENUM_CONVERSION = YES;
				CLANG_WARN_INFINITE_RECURSION = YES;
				CLANG_WARN_INT_CONVERSION = YES;
				CLANG_WARN_NON_LITERAL_NULL_CONVERSION = YES;
				CLANG_WARN_OBJC_IMPLICIT_RETAIN_SELF = YES;
				CLANG_WARN_OBJC_LITERAL_CONVERSION = YES;
				CLANG_WARN_OBJC_ROOT_CLASS = YES_ERROR;
				CLANG_WARN_QUOTED_INCLUDE_IN_FRAMEWORK_HEADER = YES;
				CLANG_WARN_RANGE_LOOP_ANALYSIS = YES;
				CLANG_WARN_STRICT_PROTOTYPES = YES;
				CLANG_WARN_SUSPICIOUS_MOVE = YES;
				CLANG_WARN_UNGUARDED_AVAILABILITY = YES_AGGRESSIVE;
				CLANG_WARN_UNREACHABLE_CODE = YES;
				CLANG_WARN__DUPLICATE_METHOD_MATCH = YES;
				COPY_PHASE_STRIP = NO;
				DEBUG_INFORMATION_FORMAT = "dwarf-with-dsym";
				ENABLE_NS_ASSERTIONS = NO;
				ENABLE_STRICT_OBJC_MSGSEND = YES;
				ENABLE_USER_SCRIPT_SANDBOXING = YES;
				GCC_C_LANGUAGE_STANDARD = gnu17;
				GCC_NO_COMMON_BLOCKS = YES;
				GCC_WARN_64_TO_32_BIT_CONVERSION = YES;
				GCC_WARN_ABOUT_RETURN_TYPE = YES_ERROR;
				GCC_WARN_UNDECLARED_SELECTOR = YES;
				GCC_WARN_UNINITIALIZED_AUTOS = YES_AGGRESSIVE;
				GCC_WARN_UNUSED_FUNCTION = YES;
				GCC_WARN_UNUSED_VARIABLE = YES;
				IPHONEOS_DEPLOYMENT_TARGET = 17.5;
				LOCALIZATION_PREFERS_STRING_CATALOGS = YES;
				MTL_ENABLE_DEBUG_INFO = NO;
				MTL_FAST_MATH = YES;
				SDKROOT = iphoneos;
				SWIFT_COMPILATION_MODE = wholemodule;
				VALIDATE_PRODUCT = YES;
			};
			name = Release;
		};
		A00A0ACB2C4BD9640020D708 /* Debug */ = {
			isa = XCBuildConfiguration;
			buildSettings = {
				ASSETCATALOG_COMPILER_APPICON_NAME = AppIcon;
				ASSETCATALOG_COMPILER_GLOBAL_ACCENT_COLOR_NAME = AccentColor;
				CODE_SIGN_STYLE = Automatic;
				CURRENT_PROJECT_VERSION = 1;
				DEVELOPMENT_ASSET_PATHS = "\"ReadingNote/Preview Content\"";
				DEVELOPMENT_TEAM = Q24TJ8474K;
				ENABLE_PREVIEWS = YES;
				GENERATE_INFOPLIST_FILE = YES;
				INFOPLIST_KEY_UIApplicationSceneManifest_Generation = YES;
				INFOPLIST_KEY_UIApplicationSupportsIndirectInputEvents = YES;
				INFOPLIST_KEY_UILaunchScreen_Generation = YES;
				INFOPLIST_KEY_UISupportedInterfaceOrientations_iPad = "UIInterfaceOrientationPortrait UIInterfaceOrientationPortraitUpsideDown UIInterfaceOrientationLandscapeLeft UIInterfaceOrientationLandscapeRight";
				INFOPLIST_KEY_UISupportedInterfaceOrientations_iPhone = "UIInterfaceOrientationPortrait UIInterfaceOrientationLandscapeLeft UIInterfaceOrientationLandscapeRight";
				LD_RUNPATH_SEARCH_PATHS = (
					"$(inherited)",
					"@executable_path/Frameworks",
				);
				MARKETING_VERSION = 1.0;
				PRODUCT_BUNDLE_IDENTIFIER = com.SakuYozakura.ReadingNote;
				PRODUCT_NAME = "$(TARGET_NAME)";
				SWIFT_EMIT_LOC_STRINGS = YES;
				SWIFT_VERSION = 5.0;
				TARGETED_DEVICE_FAMILY = "1,2";
			};
			name = Debug;
		};
		A00A0ACC2C4BD9640020D708 /* Release */ = {
			isa = XCBuildConfiguration;
			buildSettings = {
				ASSETCATALOG_COMPILER_APPICON_NAME = AppIcon;
				ASSETCATALOG_COMPILER_GLOBAL_ACCENT_COLOR_NAME = AccentColor;
				CODE_SIGN_STYLE = Automatic;
				CURRENT_PROJECT_VERSION = 1;
				DEVELOPMENT_ASSET_PATHS = "\"ReadingNote/Preview Content\"";
				DEVELOPMENT_TEAM = Q24TJ8474K;
				ENABLE_PREVIEWS = YES;
				GENERATE_INFOPLIST_FILE = YES;
				INFOPLIST_KEY_UIApplicationSceneManifest_Generation = YES;
				INFOPLIST_KEY_UIApplicationSupportsIndirectInputEvents = YES;
				INFOPLIST_KEY_UILaunchScreen_Generation = YES;
				INFOPLIST_KEY_UISupportedInterfaceOrientations_iPad = "UIInterfaceOrientationPortrait UIInterfaceOrientationPortraitUpsideDown UIInterfaceOrientationLandscapeLeft UIInterfaceOrientationLandscapeRight";
				INFOPLIST_KEY_UISupportedInterfaceOrientations_iPhone = "UIInterfaceOrientationPortrait UIInterfaceOrientationLandscapeLeft UIInterfaceOrientationLandscapeRight";
				LD_RUNPATH_SEARCH_PATHS = (
					"$(inherited)",
					"@executable_path/Frameworks",
				);
				MARKETING_VERSION = 1.0;
				PRODUCT_BUNDLE_IDENTIFIER = com.SakuYozakura.ReadingNote;
				PRODUCT_NAME = "$(TARGET_NAME)";
				SWIFT_EMIT_LOC_STRINGS = YES;
				SWIFT_VERSION = 5.0;
				TARGETED_DEVICE_FAMILY = "1,2";
			};
			name = Release;
		};
/* End XCBuildConfiguration section */

/* Begin XCConfigurationList section */
		A00A0AB72C4BD9620020D708 /* Build configuration list for PBXProject "ReadingNote" */ = {
			isa = XCConfigurationList;
			buildConfigurations = (
				A00A0AC82C4BD9640020D708 /* Debug */,
				A00A0AC92C4BD9640020D708 /* Release */,
			);
			defaultConfigurationIsVisible = 0;
			defaultConfigurationName = Release;
		};
		A00A0ACA2C4BD9640020D708 /* Build configuration list for PBXNativeTarget "ReadingNote" */ = {
			isa = XCConfigurationList;
			buildConfigurations = (
				A00A0ACB2C4BD9640020D708 /* Debug */,
				A00A0ACC2C4BD9640020D708 /* Release */,
			);
			defaultConfigurationIsVisible = 0;
			defaultConfigurationName = Release;
		};
/* End XCConfigurationList section */

/* Begin XCVersionGroup section */
		A00A0ACE2C4BDB1C0020D708 /* ReadingTimeDb.xcdatamodeld */ = {
			isa = XCVersionGroup;
			children = (
				A00A0ACF2C4BDB1C0020D708 /* ReadingTimeDb.xcdatamodel */,
			);
			currentVersion = A00A0ACF2C4BDB1C0020D708 /* ReadingTimeDb.xcdatamodel */;
			path = ReadingTimeDb.xcdatamodeld;
			sourceTree = "<group>";
			versionGroupType = wrapper.xcdatamodel;
		};
/* End XCVersionGroup section */
	};
	rootObject = A00A0AB42C4BD9620020D708 /* Project object */;
}
